
Microsoft Visual Studio Solution File, Format Version 12.00
# Visual Studio 15
VisualStudioVersion = 15.0.27004.2010
MinimumVisualStudioVersion = 10.0.40219.1
Project("{FAE04EC0-301F-11D3-BF4B-00C04F79EFBC}") = "Asphalt", "Asphalt\Asphalt.csproj", "{BBEA3DFA-52E0-448D-832F-C7BF96E3F3E8}"
EndProject
Project("{FAE04EC0-301F-11D3-BF4B-00C04F79EFBC}") = "AsphaltEventTestPlugin", "AsphaltEventTestPlugin\AsphaltEventTestPlugin.csproj", "{C5B1B3A5-DA9F-48C4-8B17-F9C9A0079611}"
EndProject
Project("{FAE04EC0-301F-11D3-BF4B-00C04F79EFBC}") = "AsphaltFindEasterEggsPlugin", "AsphaltFindEasterEggsPlugin\AsphaltFindEasterEggsPlugin.csproj", "{00EBBCD0-91EF-4D3A-A8F1-FEEAFF404DF2}"
EndProject
Project("{FAE04EC0-301F-11D3-BF4B-00C04F79EFBC}") = "Asphalt.Tests", "Asphalt.Tests\Asphalt.Tests.csproj", "{A657DE5F-7086-4ECE-978E-8160213D461D}"
EndProject
Global
	GlobalSection(SolutionConfigurationPlatforms) = preSolution
		Debug|x64 = Debug|x64
		Release|x64 = Release|x64
	EndGlobalSection
	GlobalSection(ProjectConfigurationPlatforms) = postSolution
		{BBEA3DFA-52E0-448D-832F-C7BF96E3F3E8}.Debug|x64.ActiveCfg = Debug|x64
		{BBEA3DFA-52E0-448D-832F-C7BF96E3F3E8}.Debug|x64.Build.0 = Debug|x64
		{BBEA3DFA-52E0-448D-832F-C7BF96E3F3E8}.Release|x64.ActiveCfg = Release|x64
		{BBEA3DFA-52E0-448D-832F-C7BF96E3F3E8}.Release|x64.Build.0 = Release|x64
		{C5B1B3A5-DA9F-48C4-8B17-F9C9A0079611}.Debug|x64.ActiveCfg = Debug|x64
		{C5B1B3A5-DA9F-48C4-8B17-F9C9A0079611}.Debug|x64.Build.0 = Debug|x64
		{C5B1B3A5-DA9F-48C4-8B17-F9C9A0079611}.Release|x64.ActiveCfg = Release|x64
		{C5B1B3A5-DA9F-48C4-8B17-F9C9A0079611}.Release|x64.Build.0 = Release|x64
		{00EBBCD0-91EF-4D3A-A8F1-FEEAFF404DF2}.Debug|x64.ActiveCfg = Debug|x64
		{00EBBCD0-91EF-4D3A-A8F1-FEEAFF404DF2}.Debug|x64.Build.0 = Debug|x64
		{00EBBCD0-91EF-4D3A-A8F1-FEEAFF404DF2}.Release|x64.ActiveCfg = Release|x64
		{00EBBCD0-91EF-4D3A-A8F1-FEEAFF404DF2}.Release|x64.Build.0 = Release|x64
		{A657DE5F-7086-4ECE-978E-8160213D461D}.Debug|x64.ActiveCfg = Debug|x64
		{A657DE5F-7086-4ECE-978E-8160213D461D}.Debug|x64.Build.0 = Debug|x64
		{A657DE5F-7086-4ECE-978E-8160213D461D}.Release|x64.ActiveCfg = Release|x64
		{A657DE5F-7086-4ECE-978E-8160213D461D}.Release|x64.Build.0 = Release|x64
	EndGlobalSection
	GlobalSection(SolutionProperties) = preSolution
		HideSolutionNode = FALSE
	EndGlobalSection
	GlobalSection(ExtensibilityGlobals) = postSolution
		SolutionGuid = {0CEB61C1-45AB-4EFE-A9A3-92DD84FF22EA}
	EndGlobalSection
EndGlobal
